// !$*UTF8*$!
{
	archiveVersion = 1;
	classes = {
	};
	objectVersion = 55;
	objects = {

/* Begin PBXBuildFile section */
		7F5214DC2822DEA200CA1143 /* AppDelegate.swift in Sources */ = {isa = PBXBuildFile; fileRef = 7F5214DB2822DEA200CA1143 /* AppDelegate.swift */; };
		7F5214DE2822DEA200CA1143 /* SceneDelegate.swift in Sources */ = {isa = PBXBuildFile; fileRef = 7F5214DD2822DEA200CA1143 /* SceneDelegate.swift */; };
		7F5214E32822DEA200CA1143 /* Main.storyboard in Resources */ = {isa = PBXBuildFile; fileRef = 7F5214E12822DEA200CA1143 /* Main.storyboard */; };
		7F5214E52822DEA300CA1143 /* Assets.xcassets in Resources */ = {isa = PBXBuildFile; fileRef = 7F5214E42822DEA300CA1143 /* Assets.xcassets */; };
		7F5214E82822DEA300CA1143 /* LaunchScreen.storyboard in Resources */ = {isa = PBXBuildFile; fileRef = 7F5214E62822DEA300CA1143 /* LaunchScreen.storyboard */; };
		7F5214F42822DFF900CA1143 /* MainCollectionViewController.swift in Sources */ = {isa = PBXBuildFile; fileRef = 7F5214F32822DFF900CA1143 /* MainCollectionViewController.swift */; };
		7F5214F72822E03700CA1143 /* CustomCollectionViewCell.swift in Sources */ = {isa = PBXBuildFile; fileRef = 7F5214F62822E03700CA1143 /* CustomCollectionViewCell.swift */; };
		7F5214FA2822E0A400CA1143 /* Json.txt in Resources */ = {isa = PBXBuildFile; fileRef = 7F5214F92822E0A400CA1143 /* Json.txt */; };
		7F5214FC2822E0B900CA1143 /* ModelImageDetail.swift in Sources */ = {isa = PBXBuildFile; fileRef = 7F5214FB2822E0B900CA1143 /* ModelImageDetail.swift */; };
		7F5215042822E14700CA1143 /* NetworkDataFetcher.swift in Sources */ = {isa = PBXBuildFile; fileRef = 7F5215002822E14700CA1143 /* NetworkDataFetcher.swift */; };
		7F5215052822E14700CA1143 /* DataFetcerService.swift in Sources */ = {isa = PBXBuildFile; fileRef = 7F5215012822E14700CA1143 /* DataFetcerService.swift */; };
		7F5215062822E14700CA1143 /* LocalDataFetcher.swift in Sources */ = {isa = PBXBuildFile; fileRef = 7F5215022822E14700CA1143 /* LocalDataFetcher.swift */; };
		7F5215072822E14700CA1143 /* NetworkService.swift in Sources */ = {isa = PBXBuildFile; fileRef = 7F5215032822E14700CA1143 /* NetworkService.swift */; };
		7F52150A2822E25100CA1143 /* Constants.swift in Sources */ = {isa = PBXBuildFile; fileRef = 7F5215092822E25100CA1143 /* Constants.swift */; };
		7F52150D2822E3FE00CA1143 /* Animations.swift in Sources */ = {isa = PBXBuildFile; fileRef = 7F52150C2822E3FE00CA1143 /* Animations.swift */; };
		7F5215132822E5C900CA1143 /* CreatingImageDetail.swift in Sources */ = {isa = PBXBuildFile; fileRef = 7F5215122822E5C900CA1143 /* CreatingImageDetail.swift */; };
		7F5215162822E76400CA1143 /* Draw.swift in Sources */ = {isa = PBXBuildFile; fileRef = 7F5215152822E76400CA1143 /* Draw.swift */; };
		7F5215182822E79100CA1143 /* DrawAsImage.swift in Sources */ = {isa = PBXBuildFile; fileRef = 7F5215172822E79100CA1143 /* DrawAsImage.swift */; };
		7F52151A2822E7B500CA1143 /* ModelLine.swift in Sources */ = {isa = PBXBuildFile; fileRef = 7F5215192822E7B500CA1143 /* ModelLine.swift */; };
		7F52151C2822F0B900CA1143 /* DetailVC.swift in Sources */ = {isa = PBXBuildFile; fileRef = 7F52151B2822F0B800CA1143 /* DetailVC.swift */; };
		7F52151E2822F6E900CA1143 /* ReviewVC.swift in Sources */ = {isa = PBXBuildFile; fileRef = 7F52151D2822F6E900CA1143 /* ReviewVC.swift */; };
		7F52152428240F4200CA1143 /* Recording.swift in Sources */ = {isa = PBXBuildFile; fileRef = 7F52152328240F4200CA1143 /* Recording.swift */; };
		7F5215262824317B00CA1143 /* CreateAlert.swift in Sources */ = {isa = PBXBuildFile; fileRef = 7F5215252824317B00CA1143 /* CreateAlert.swift */; };
		7F5215292824332A00CA1143 /* SwiftEntryKit in Frameworks */ = {isa = PBXBuildFile; productRef = 7F5215282824332A00CA1143 /* SwiftEntryKit */; };
		7F52152B2824355F00CA1143 /* MyCustomAlertView.swift in Sources */ = {isa = PBXBuildFile; fileRef = 7F52152A2824355F00CA1143 /* MyCustomAlertView.swift */; };
		7F52152D28243ECB00CA1143 /* UIView + Message.swift in Sources */ = {isa = PBXBuildFile; fileRef = 7F52152C28243ECB00CA1143 /* UIView + Message.swift */; };
		7F521537282577D600CA1143 /* OnboardingVC.swift in Sources */ = {isa = PBXBuildFile; fileRef = 7F521536282577D600CA1143 /* OnboardingVC.swift */; };
		7F52153D282579D000CA1143 /* LandScapeManager.swift in Sources */ = {isa = PBXBuildFile; fileRef = 7F52153C282579D000CA1143 /* LandScapeManager.swift */; };
		7F5215512826E25900CA1143 /* Onboarder in Frameworks */ = {isa = PBXBuildFile; productRef = 7F5215502826E25900CA1143 /* Onboarder */; };
		7FA72E1B2827B47600C9C8AF /* Onboarding.storyboard in Resources */ = {isa = PBXBuildFile; fileRef = 7FA72E1A2827B47600C9C8AF /* Onboarding.storyboard */; };
/* End PBXBuildFile section */

/* Begin PBXFileReference section */
		7F5214D82822DEA200CA1143 /* Leep.app */ = {isa = PBXFileReference; explicitFileType = wrapper.application; includeInIndex = 0; path = Leep.app; sourceTree = BUILT_PRODUCTS_DIR; };
		7F5214DB2822DEA200CA1143 /* AppDelegate.swift */ = {isa = PBXFileReference; lastKnownFileType = sourcecode.swift; path = AppDelegate.swift; sourceTree = "<group>"; };
		7F5214DD2822DEA200CA1143 /* SceneDelegate.swift */ = {isa = PBXFileReference; lastKnownFileType = sourcecode.swift; path = SceneDelegate.swift; sourceTree = "<group>"; };
		7F5214E22822DEA200CA1143 /* Base */ = {isa = PBXFileReference; lastKnownFileType = file.storyboard; name = Base; path = Base.lproj/Main.storyboard; sourceTree = "<group>"; };
		7F5214E42822DEA300CA1143 /* Assets.xcassets */ = {isa = PBXFileReference; lastKnownFileType = folder.assetcatalog; path = Assets.xcassets; sourceTree = "<group>"; };
		7F5214E72822DEA300CA1143 /* Base */ = {isa = PBXFileReference; lastKnownFileType = file.storyboard; name = Base; path = Base.lproj/LaunchScreen.storyboard; sourceTree = "<group>"; };
		7F5214E92822DEA300CA1143 /* Info.plist */ = {isa = PBXFileReference; lastKnownFileType = text.plist.xml; path = Info.plist; sourceTree = "<group>"; };
		7F5214F32822DFF900CA1143 /* MainCollectionViewController.swift */ = {isa = PBXFileReference; lastKnownFileType = sourcecode.swift; path = MainCollectionViewController.swift; sourceTree = "<group>"; };
		7F5214F62822E03700CA1143 /* CustomCollectionViewCell.swift */ = {isa = PBXFileReference; lastKnownFileType = sourcecode.swift; path = CustomCollectionViewCell.swift; sourceTree = "<group>"; };
		7F5214F92822E0A400CA1143 /* Json.txt */ = {isa = PBXFileReference; fileEncoding = 4; lastKnownFileType = text; path = Json.txt; sourceTree = "<group>"; };
		7F5214FB2822E0B900CA1143 /* ModelImageDetail.swift */ = {isa = PBXFileReference; lastKnownFileType = sourcecode.swift; path = ModelImageDetail.swift; sourceTree = "<group>"; };
		7F5215002822E14700CA1143 /* NetworkDataFetcher.swift */ = {isa = PBXFileReference; fileEncoding = 4; lastKnownFileType = sourcecode.swift; path = NetworkDataFetcher.swift; sourceTree = "<group>"; };
		7F5215012822E14700CA1143 /* DataFetcerService.swift */ = {isa = PBXFileReference; fileEncoding = 4; lastKnownFileType = sourcecode.swift; path = DataFetcerService.swift; sourceTree = "<group>"; };
		7F5215022822E14700CA1143 /* LocalDataFetcher.swift */ = {isa = PBXFileReference; fileEncoding = 4; lastKnownFileType = sourcecode.swift; path = LocalDataFetcher.swift; sourceTree = "<group>"; };
		7F5215032822E14700CA1143 /* NetworkService.swift */ = {isa = PBXFileReference; fileEncoding = 4; lastKnownFileType = sourcecode.swift; path = NetworkService.swift; sourceTree = "<group>"; };
		7F5215092822E25100CA1143 /* Constants.swift */ = {isa = PBXFileReference; lastKnownFileType = sourcecode.swift; path = Constants.swift; sourceTree = "<group>"; };
		7F52150C2822E3FE00CA1143 /* Animations.swift */ = {isa = PBXFileReference; lastKnownFileType = sourcecode.swift; path = Animations.swift; sourceTree = "<group>"; };
		7F5215122822E5C900CA1143 /* CreatingImageDetail.swift */ = {isa = PBXFileReference; lastKnownFileType = sourcecode.swift; path = CreatingImageDetail.swift; sourceTree = "<group>"; };
		7F5215152822E76400CA1143 /* Draw.swift */ = {isa = PBXFileReference; lastKnownFileType = sourcecode.swift; path = Draw.swift; sourceTree = "<group>"; };
		7F5215172822E79100CA1143 /* DrawAsImage.swift */ = {isa = PBXFileReference; lastKnownFileType = sourcecode.swift; path = DrawAsImage.swift; sourceTree = "<group>"; };
		7F5215192822E7B500CA1143 /* ModelLine.swift */ = {isa = PBXFileReference; lastKnownFileType = sourcecode.swift; path = ModelLine.swift; sourceTree = "<group>"; };
		7F52151B2822F0B800CA1143 /* DetailVC.swift */ = {isa = PBXFileReference; lastKnownFileType = sourcecode.swift; path = DetailVC.swift; sourceTree = "<group>"; };
		7F52151D2822F6E900CA1143 /* ReviewVC.swift */ = {isa = PBXFileReference; lastKnownFileType = sourcecode.swift; path = ReviewVC.swift; sourceTree = "<group>"; };
		7F52152328240F4200CA1143 /* Recording.swift */ = {isa = PBXFileReference; lastKnownFileType = sourcecode.swift; path = Recording.swift; sourceTree = "<group>"; };
		7F5215252824317B00CA1143 /* CreateAlert.swift */ = {isa = PBXFileReference; lastKnownFileType = sourcecode.swift; path = CreateAlert.swift; sourceTree = "<group>"; };
		7F52152A2824355F00CA1143 /* MyCustomAlertView.swift */ = {isa = PBXFileReference; lastKnownFileType = sourcecode.swift; path = MyCustomAlertView.swift; sourceTree = "<group>"; };
		7F52152C28243ECB00CA1143 /* UIView + Message.swift */ = {isa = PBXFileReference; lastKnownFileType = sourcecode.swift; path = "UIView + Message.swift"; sourceTree = "<group>"; };
		7F521536282577D600CA1143 /* OnboardingVC.swift */ = {isa = PBXFileReference; lastKnownFileType = sourcecode.swift; path = OnboardingVC.swift; sourceTree = "<group>"; };
		7F52153C282579D000CA1143 /* LandScapeManager.swift */ = {isa = PBXFileReference; lastKnownFileType = sourcecode.swift; path = LandScapeManager.swift; sourceTree = "<group>"; };
		7FA72E1A2827B47600C9C8AF /* Onboarding.storyboard */ = {isa = PBXFileReference; lastKnownFileType = file.storyboard; path = Onboarding.storyboard; sourceTree = "<group>"; };
/* End PBXFileReference section */

/* Begin PBXFrameworksBuildPhase section */
		7F5214D52822DEA200CA1143 /* Frameworks */ = {
			isa = PBXFrameworksBuildPhase;
			buildActionMask = 2147483647;
			files = (
				7F5215292824332A00CA1143 /* SwiftEntryKit in Frameworks */,
				7F5215512826E25900CA1143 /* Onboarder in Frameworks */,
			);
			runOnlyForDeploymentPostprocessing = 0;
		};
/* End PBXFrameworksBuildPhase section */

/* Begin PBXGroup section */
		7F5214CF2822DEA200CA1143 = {
			isa = PBXGroup;
			children = (
				7F5214DA2822DEA200CA1143 /* Leep */,
				7F5214D92822DEA200CA1143 /* Products */,
			);
			sourceTree = "<group>";
		};
		7F5214D92822DEA200CA1143 /* Products */ = {
			isa = PBXGroup;
			children = (
				7F5214D82822DEA200CA1143 /* Leep.app */,
			);
			name = Products;
			sourceTree = "<group>";
		};
		7F5214DA2822DEA200CA1143 /* Leep */ = {
			isa = PBXGroup;
			children = (
				7F5214F12822DEEA00CA1143 /* Model */,
				7F5214F02822DEDD00CA1143 /* Views */,
				7F5214F22822DF0B00CA1143 /* Controllers */,
				7F5215112822E5A500CA1143 /* Creating */,
				7F5214F52822E01C00CA1143 /* Cell */,
				7F52150B2822E3E800CA1143 /* Animations */,
				7F5215142822E75100CA1143 /* DrawServices */,
				7F5215332825777800CA1143 /* Onboarding */,
				7F5214F82822E08600CA1143 /* LocalServer */,
				7F5214FF2822E13100CA1143 /* DataFetcher */,
				7F5215082822E23800CA1143 /* Constants */,
				7F5214EF2822DED200CA1143 /* App */,
				7F5214E42822DEA300CA1143 /* Assets.xcassets */,
				7F5214E92822DEA300CA1143 /* Info.plist */,
			);
			path = Leep;
			sourceTree = "<group>";
		};
		7F5214EF2822DED200CA1143 /* App */ = {
			isa = PBXGroup;
			children = (
				7F5214DB2822DEA200CA1143 /* AppDelegate.swift */,
				7F5214DD2822DEA200CA1143 /* SceneDelegate.swift */,
			);
			path = App;
			sourceTree = "<group>";
		};
		7F5214F02822DEDD00CA1143 /* Views */ = {
			isa = PBXGroup;
			children = (
				7F5214E12822DEA200CA1143 /* Main.storyboard */,
				7F5214E62822DEA300CA1143 /* LaunchScreen.storyboard */,
			);
			path = Views;
			sourceTree = "<group>";
		};
		7F5214F12822DEEA00CA1143 /* Model */ = {
			isa = PBXGroup;
			children = (
				7F5214FB2822E0B900CA1143 /* ModelImageDetail.swift */,
			);
			path = Model;
			sourceTree = "<group>";
		};
		7F5214F22822DF0B00CA1143 /* Controllers */ = {
			isa = PBXGroup;
			children = (
				7F5214F32822DFF900CA1143 /* MainCollectionViewController.swift */,
				7F52151B2822F0B800CA1143 /* DetailVC.swift */,
				7F52151D2822F6E900CA1143 /* ReviewVC.swift */,
			);
			path = Controllers;
			sourceTree = "<group>";
		};
		7F5214F52822E01C00CA1143 /* Cell */ = {
			isa = PBXGroup;
			children = (
				7F5214F62822E03700CA1143 /* CustomCollectionViewCell.swift */,
			);
			path = Cell;
			sourceTree = "<group>";
		};
		7F5214F82822E08600CA1143 /* LocalServer */ = {
			isa = PBXGroup;
			children = (
				7F5214F92822E0A400CA1143 /* Json.txt */,
			);
			path = LocalServer;
			sourceTree = "<group>";
		};
		7F5214FF2822E13100CA1143 /* DataFetcher */ = {
			isa = PBXGroup;
			children = (
				7F5215012822E14700CA1143 /* DataFetcerService.swift */,
				7F5215022822E14700CA1143 /* LocalDataFetcher.swift */,
				7F5215002822E14700CA1143 /* NetworkDataFetcher.swift */,
				7F5215032822E14700CA1143 /* NetworkService.swift */,
			);
			path = DataFetcher;
			sourceTree = "<group>";
		};
		7F5215082822E23800CA1143 /* Constants */ = {
			isa = PBXGroup;
			children = (
				7F5215092822E25100CA1143 /* Constants.swift */,
			);
			path = Constants;
			sourceTree = "<group>";
		};
		7F52150B2822E3E800CA1143 /* Animations */ = {
			isa = PBXGroup;
			children = (
				7F52150C2822E3FE00CA1143 /* Animations.swift */,
			);
			path = Animations;
			sourceTree = "<group>";
		};
		7F5215112822E5A500CA1143 /* Creating */ = {
			isa = PBXGroup;
			children = (
				7F5215122822E5C900CA1143 /* CreatingImageDetail.swift */,
				7F52152328240F4200CA1143 /* Recording.swift */,
				7F521530282465E400CA1143 /* Alert */,
			);
			path = Creating;
			sourceTree = "<group>";
		};
		7F5215142822E75100CA1143 /* DrawServices */ = {
			isa = PBXGroup;
			children = (
				7FA72E1C282ABD5500C9C8AF /* Model */,
				7F5215152822E76400CA1143 /* Draw.swift */,
				7F5215172822E79100CA1143 /* DrawAsImage.swift */,
			);
			path = DrawServices;
			sourceTree = "<group>";
		};
		7F521530282465E400CA1143 /* Alert */ = {
			isa = PBXGroup;
			children = (
				7F5215252824317B00CA1143 /* CreateAlert.swift */,
				7F52152A2824355F00CA1143 /* MyCustomAlertView.swift */,
				7F52152C28243ECB00CA1143 /* UIView + Message.swift */,
			);
			path = Alert;
			sourceTree = "<group>";
		};
		7F5215332825777800CA1143 /* Onboarding */ = {
			isa = PBXGroup;
			children = (
				7F521536282577D600CA1143 /* OnboardingVC.swift */,
				7FA72E1A2827B47600C9C8AF /* Onboarding.storyboard */,
				7F52154428257CE200CA1143 /* OnboardingManager */,
			);
			path = Onboarding;
			sourceTree = "<group>";
		};
		7F52154428257CE200CA1143 /* OnboardingManager */ = {
			isa = PBXGroup;
			children = (
				7F52153C282579D000CA1143 /* LandScapeManager.swift */,
			);
			path = OnboardingManager;
			sourceTree = "<group>";
		};
		7FA72E1C282ABD5500C9C8AF /* Model */ = {
			isa = PBXGroup;
			children = (
				7F5215192822E7B500CA1143 /* ModelLine.swift */,
			);
			path = Model;
			sourceTree = "<group>";
		};
/* End PBXGroup section */

/* Begin PBXNativeTarget section */
		7F5214D72822DEA200CA1143 /* Leep */ = {
			isa = PBXNativeTarget;
			buildConfigurationList = 7F5214EC2822DEA300CA1143 /* Build configuration list for PBXNativeTarget "Leep" */;
			buildPhases = (
				7F5214D42822DEA200CA1143 /* Sources */,
				7F5214D52822DEA200CA1143 /* Frameworks */,
				7F5214D62822DEA200CA1143 /* Resources */,
			);
			buildRules = (
			);
			dependencies = (
			);
			name = Leep;
			packageProductDependencies = (
				7F5215282824332A00CA1143 /* SwiftEntryKit */,
				7F5215502826E25900CA1143 /* Onboarder */,
			);
			productName = Leep;
			productReference = 7F5214D82822DEA200CA1143 /* Leep.app */;
			productType = "com.apple.product-type.application";
		};
/* End PBXNativeTarget section */

/* Begin PBXProject section */
		7F5214D02822DEA200CA1143 /* Project object */ = {
			isa = PBXProject;
			attributes = {
				BuildIndependentTargetsInParallel = 1;
				LastSwiftUpdateCheck = 1330;
				LastUpgradeCheck = 1330;
				TargetAttributes = {
					7F5214D72822DEA200CA1143 = {
						CreatedOnToolsVersion = 13.3;
					};
				};
			};
			buildConfigurationList = 7F5214D32822DEA200CA1143 /* Build configuration list for PBXProject "Leep" */;
			compatibilityVersion = "Xcode 13.0";
			developmentRegion = en;
			hasScannedForEncodings = 0;
			knownRegions = (
				en,
				Base,
			);
			mainGroup = 7F5214CF2822DEA200CA1143;
			packageReferences = (
				7F5215272824332A00CA1143 /* XCRemoteSwiftPackageReference "SwiftEntryKit" */,
				7F52154F2826E25900CA1143 /* XCRemoteSwiftPackageReference "onboarder" */,
			);
			productRefGroup = 7F5214D92822DEA200CA1143 /* Products */;
			projectDirPath = "";
			projectRoot = "";
			targets = (
				7F5214D72822DEA200CA1143 /* Leep */,
			);
		};
/* End PBXProject section */

/* Begin PBXResourcesBuildPhase section */
		7F5214D62822DEA200CA1143 /* Resources */ = {
			isa = PBXResourcesBuildPhase;
			buildActionMask = 2147483647;
			files = (
				7F5214FA2822E0A400CA1143 /* Json.txt in Resources */,
				7F5214E82822DEA300CA1143 /* LaunchScreen.storyboard in Resources */,
				7F5214E52822DEA300CA1143 /* Assets.xcassets in Resources */,
				7FA72E1B2827B47600C9C8AF /* Onboarding.storyboard in Resources */,
				7F5214E32822DEA200CA1143 /* Main.storyboard in Resources */,
			);
			runOnlyForDeploymentPostprocessing = 0;
		};
/* End PBXResourcesBuildPhase section */

/* Begin PBXSourcesBuildPhase section */
		7F5214D42822DEA200CA1143 /* Sources */ = {
			isa = PBXSourcesBuildPhase;
			buildActionMask = 2147483647;
			files = (
				7F5215052822E14700CA1143 /* DataFetcerService.swift in Sources */,
				7F5215042822E14700CA1143 /* NetworkDataFetcher.swift in Sources */,
				7F5214DC2822DEA200CA1143 /* AppDelegate.swift in Sources */,
				7F52151A2822E7B500CA1143 /* ModelLine.swift in Sources */,
				7F5214F42822DFF900CA1143 /* MainCollectionViewController.swift in Sources */,
				7F52152428240F4200CA1143 /* Recording.swift in Sources */,
				7F52151E2822F6E900CA1143 /* ReviewVC.swift in Sources */,
				7F52151C2822F0B900CA1143 /* DetailVC.swift in Sources */,
				7F521537282577D600CA1143 /* OnboardingVC.swift in Sources */,
				7F5215262824317B00CA1143 /* CreateAlert.swift in Sources */,
				7F5215072822E14700CA1143 /* NetworkService.swift in Sources */,
				7F52150A2822E25100CA1143 /* Constants.swift in Sources */,
				7F5215162822E76400CA1143 /* Draw.swift in Sources */,
				7F52152D28243ECB00CA1143 /* UIView + Message.swift in Sources */,
				7F52152B2824355F00CA1143 /* MyCustomAlertView.swift in Sources */,
				7F5214DE2822DEA200CA1143 /* SceneDelegate.swift in Sources */,
				7F5214F72822E03700CA1143 /* CustomCollectionViewCell.swift in Sources */,
				7F5214FC2822E0B900CA1143 /* ModelImageDetail.swift in Sources */,
				7F52153D282579D000CA1143 /* LandScapeManager.swift in Sources */,
				7F5215182822E79100CA1143 /* DrawAsImage.swift in Sources */,
				7F52150D2822E3FE00CA1143 /* Animations.swift in Sources */,
				7F5215132822E5C900CA1143 /* CreatingImageDetail.swift in Sources */,
				7F5215062822E14700CA1143 /* LocalDataFetcher.swift in Sources */,
			);
			runOnlyForDeploymentPostprocessing = 0;
		};
/* End PBXSourcesBuildPhase section */

/* Begin PBXVariantGroup section */
		7F5214E12822DEA200CA1143 /* Main.storyboard */ = {
			isa = PBXVariantGroup;
			children = (
				7F5214E22822DEA200CA1143 /* Base */,
			);
			name = Main.storyboard;
			sourceTree = "<group>";
		};
		7F5214E62822DEA300CA1143 /* LaunchScreen.storyboard */ = {
			isa = PBXVariantGroup;
			children = (
				7F5214E72822DEA300CA1143 /* Base */,
			);
			name = LaunchScreen.storyboard;
			sourceTree = "<group>";
		};
/* End PBXVariantGroup section */

/* Begin XCBuildConfiguration section */
		7F5214EA2822DEA300CA1143 /* Debug */ = {
			isa = XCBuildConfiguration;
			buildSettings = {
				ALWAYS_SEARCH_USER_PATHS = NO;
				CLANG_ANALYZER_NONNULL = YES;
				CLANG_ANALYZER_NUMBER_OBJECT_CONVERSION = YES_AGGRESSIVE;
				CLANG_CXX_LANGUAGE_STANDARD = "gnu++17";
				CLANG_ENABLE_MODULES = YES;
				CLANG_ENABLE_OBJC_ARC = YES;
				CLANG_ENABLE_OBJC_WEAK = YES;
				CLANG_WARN_BLOCK_CAPTURE_AUTORELEASING = YES;
				CLANG_WARN_BOOL_CONVERSION = YES;
				CLANG_WARN_COMMA = YES;
				CLANG_WARN_CONSTANT_CONVERSION = YES;
				CLANG_WARN_DEPRECATED_OBJC_IMPLEMENTATIONS = YES;
				CLANG_WARN_DIRECT_OBJC_ISA_USAGE = YES_ERROR;
				CLANG_WARN_DOCUMENTATION_COMMENTS = YES;
				CLANG_WARN_EMPTY_BODY = YES;
				CLANG_WARN_ENUM_CONVERSION = YES;
				CLANG_WARN_INFINITE_RECURSION = YES;
				CLANG_WARN_INT_CONVERSION = YES;
				CLANG_WARN_NON_LITERAL_NULL_CONVERSION = YES;
				CLANG_WARN_OBJC_IMPLICIT_RETAIN_SELF = YES;
				CLANG_WARN_OBJC_LITERAL_CONVERSION = YES;
				CLANG_WARN_OBJC_ROOT_CLASS = YES_ERROR;
				CLANG_WARN_QUOTED_INCLUDE_IN_FRAMEWORK_HEADER = YES;
				CLANG_WARN_RANGE_LOOP_ANALYSIS = YES;
				CLANG_WARN_STRICT_PROTOTYPES = YES;
				CLANG_WARN_SUSPICIOUS_MOVE = YES;
				CLANG_WARN_UNGUARDED_AVAILABILITY = YES_AGGRESSIVE;
				CLANG_WARN_UNREACHABLE_CODE = YES;
				CLANG_WARN__DUPLICATE_METHOD_MATCH = YES;
				COPY_PHASE_STRIP = NO;
				DEBUG_INFORMATION_FORMAT = dwarf;
				ENABLE_STRICT_OBJC_MSGSEND = YES;
				ENABLE_TESTABILITY = YES;
				GCC_C_LANGUAGE_STANDARD = gnu11;
				GCC_DYNAMIC_NO_PIC = NO;
				GCC_NO_COMMON_BLOCKS = YES;
				GCC_OPTIMIZATION_LEVEL = 0;
				GCC_PREPROCESSOR_DEFINITIONS = (
					"DEBUG=1",
					"$(inherited)",
				);
				GCC_WARN_64_TO_32_BIT_CONVERSION = YES;
				GCC_WARN_ABOUT_RETURN_TYPE = YES_ERROR;
				GCC_WARN_UNDECLARED_SELECTOR = YES;
				GCC_WARN_UNINITIALIZED_AUTOS = YES_AGGRESSIVE;
				GCC_WARN_UNUSED_FUNCTION = YES;
				GCC_WARN_UNUSED_VARIABLE = YES;
				IPHONEOS_DEPLOYMENT_TARGET = 15.4;
				MTL_ENABLE_DEBUG_INFO = INCLUDE_SOURCE;
				MTL_FAST_MATH = YES;
				ONLY_ACTIVE_ARCH = YES;
				SDKROOT = iphoneos;
				SWIFT_ACTIVE_COMPILATION_CONDITIONS = DEBUG;
				SWIFT_OPTIMIZATION_LEVEL = "-Onone";
			};
			name = Debug;
		};
		7F5214EB2822DEA300CA1143 /* Release */ = {
			isa = XCBuildConfiguration;
			buildSettings = {
				ALWAYS_SEARCH_USER_PATHS = NO;
				CLANG_ANALYZER_NONNULL = YES;
				CLANG_ANALYZER_NUMBER_OBJECT_CONVERSION = YES_AGGRESSIVE;
				CLANG_CXX_LANGUAGE_STANDARD = "gnu++17";
				CLANG_ENABLE_MODULES = YES;
				CLANG_ENABLE_OBJC_ARC = YES;
				CLANG_ENABLE_OBJC_WEAK = YES;
				CLANG_WARN_BLOCK_CAPTURE_AUTORELEASING = YES;
				CLANG_WARN_BOOL_CONVERSION = YES;
				CLANG_WARN_COMMA = YES;
				CLANG_WARN_CONSTANT_CONVERSION = YES;
				CLANG_WARN_DEPRECATED_OBJC_IMPLEMENTATIONS = YES;
				CLANG_WARN_DIRECT_OBJC_ISA_USAGE = YES_ERROR;
				CLANG_WARN_DOCUMENTATION_COMMENTS = YES;
				CLANG_WARN_EMPTY_BODY = YES;
				CLANG_WARN_ENUM_CONVERSION = YES;
				CLANG_WARN_INFINITE_RECURSION = YES;
				CLANG_WARN_INT_CONVERSION = YES;
				CLANG_WARN_NON_LITERAL_NULL_CONVERSION = YES;
				CLANG_WARN_OBJC_IMPLICIT_RETAIN_SELF = YES;
				CLANG_WARN_OBJC_LITERAL_CONVERSION = YES;
				CLANG_WARN_OBJC_ROOT_CLASS = YES_ERROR;
				CLANG_WARN_QUOTED_INCLUDE_IN_FRAMEWORK_HEADER = YES;
				CLANG_WARN_RANGE_LOOP_ANALYSIS = YES;
				CLANG_WARN_STRICT_PROTOTYPES = YES;
				CLANG_WARN_SUSPICIOUS_MOVE = YES;
				CLANG_WARN_UNGUARDED_AVAILABILITY = YES_AGGRESSIVE;
				CLANG_WARN_UNREACHABLE_CODE = YES;
				CLANG_WARN__DUPLICATE_METHOD_MATCH = YES;
				COPY_PHASE_STRIP = NO;
				DEBUG_INFORMATION_FORMAT = "dwarf-with-dsym";
				ENABLE_NS_ASSERTIONS = NO;
				ENABLE_STRICT_OBJC_MSGSEND = YES;
				GCC_C_LANGUAGE_STANDARD = gnu11;
				GCC_NO_COMMON_BLOCKS = YES;
				GCC_WARN_64_TO_32_BIT_CONVERSION = YES;
				GCC_WARN_ABOUT_RETURN_TYPE = YES_ERROR;
				GCC_WARN_UNDECLARED_SELECTOR = YES;
				GCC_WARN_UNINITIALIZED_AUTOS = YES_AGGRESSIVE;
				GCC_WARN_UNUSED_FUNCTION = YES;
				GCC_WARN_UNUSED_VARIABLE = YES;
				IPHONEOS_DEPLOYMENT_TARGET = 15.4;
				MTL_ENABLE_DEBUG_INFO = NO;
				MTL_FAST_MATH = YES;
				SDKROOT = iphoneos;
				SWIFT_COMPILATION_MODE = wholemodule;
				SWIFT_OPTIMIZATION_LEVEL = "-O";
				VALIDATE_PRODUCT = YES;
			};
			name = Release;
		};
		7F5214ED2822DEA300CA1143 /* Debug */ = {
			isa = XCBuildConfiguration;
			buildSettings = {
				ASSETCATALOG_COMPILER_APPICON_NAME = AppIcon;
				ASSETCATALOG_COMPILER_GLOBAL_ACCENT_COLOR_NAME = AccentColor;
				CODE_SIGN_STYLE = Automatic;
				CURRENT_PROJECT_VERSION = 1;
				DEVELOPMENT_TEAM = 4DA45JC35S;
				GENERATE_INFOPLIST_FILE = YES;
				INFOPLIST_FILE = Leep/Info.plist;
				INFOPLIST_KEY_UIApplicationSupportsIndirectInputEvents = YES;
				INFOPLIST_KEY_UILaunchStoryboardName = LaunchScreen;
				INFOPLIST_KEY_UIMainStoryboardFile = Main;
				INFOPLIST_KEY_UISupportedInterfaceOrientations = UIInterfaceOrientationPortrait;
				INFOPLIST_KEY_UISupportedInterfaceOrientations_iPad = "UIInterfaceOrientationPortrait UIInterfaceOrientationPortraitUpsideDown UIInterfaceOrientationLandscapeLeft UIInterfaceOrientationLandscapeRight";
				INFOPLIST_KEY_UISupportedInterfaceOrientations_iPhone = "UIInterfaceOrientationPortrait UIInterfaceOrientationLandscapeLeft UIInterfaceOrientationLandscapeRight";
				IPHONEOS_DEPLOYMENT_TARGET = 15.2;
				LD_RUNPATH_SEARCH_PATHS = (
					"$(inherited)",
					"@executable_path/Frameworks",
				);
				MARKETING_VERSION = 1.0;
				PRODUCT_BUNDLE_IDENTIFIER = vladimirdanilovich.com.by.Leep;
				PRODUCT_NAME = "$(TARGET_NAME)";
				SWIFT_EMIT_LOC_STRINGS = YES;
				SWIFT_VERSION = 5.0;
				TARGETED_DEVICE_FAMILY = 1;
			};
			name = Debug;
		};
		7F5214EE2822DEA300CA1143 /* Release */ = {
			isa = XCBuildConfiguration;
			buildSettings = {
				ASSETCATALOG_COMPILER_APPICON_NAME = AppIcon;
				ASSETCATALOG_COMPILER_GLOBAL_ACCENT_COLOR_NAME = AccentColor;
				CODE_SIGN_STYLE = Automatic;
				CURRENT_PROJECT_VERSION = 1;
				DEVELOPMENT_TEAM = 4DA45JC35S;
				GENERATE_INFOPLIST_FILE = YES;
				INFOPLIST_FILE = Leep/Info.plist;
				INFOPLIST_KEY_UIApplicationSupportsIndirectInputEvents = YES;
				INFOPLIST_KEY_UILaunchStoryboardName = LaunchScreen;
				INFOPLIST_KEY_UIMainStoryboardFile = Main;
				INFOPLIST_KEY_UISupportedInterfaceOrientations = UIInterfaceOrientationPortrait;
				INFOPLIST_KEY_UISupportedInterfaceOrientations_iPad = "UIInterfaceOrientationPortrait UIInterfaceOrientationPortraitUpsideDown UIInterfaceOrientationLandscapeLeft UIInterfaceOrientationLandscapeRight";
				INFOPLIST_KEY_UISupportedInterfaceOrientations_iPhone = "UIInterfaceOrientationPortrait UIInterfaceOrientationLandscapeLeft UIInterfaceOrientationLandscapeRight";
				IPHONEOS_DEPLOYMENT_TARGET = 15.2;
				LD_RUNPATH_SEARCH_PATHS = (
					"$(inherited)",
					"@executable_path/Frameworks",
				);
				MARKETING_VERSION = 1.0;
				PRODUCT_BUNDLE_IDENTIFIER = vladimirdanilovich.com.by.Leep;
				PRODUCT_NAME = "$(TARGET_NAME)";
				SWIFT_EMIT_LOC_STRINGS = YES;
				SWIFT_VERSION = 5.0;
				TARGETED_DEVICE_FAMILY = 1;
			};
			name = Release;
		};
/* End XCBuildConfiguration section */

/* Begin XCConfigurationList section */
		7F5214D32822DEA200CA1143 /* Build configuration list for PBXProject "Leep" */ = {
			isa = XCConfigurationList;
			buildConfigurations = (
				7F5214EA2822DEA300CA1143 /* Debug */,
				7F5214EB2822DEA300CA1143 /* Release */,
			);
			defaultConfigurationIsVisible = 0;
			defaultConfigurationName = Release;
		};
		7F5214EC2822DEA300CA1143 /* Build configuration list for PBXNativeTarget "Leep" */ = {
			isa = XCConfigurationList;
			buildConfigurations = (
				7F5214ED2822DEA300CA1143 /* Debug */,
				7F5214EE2822DEA300CA1143 /* Release */,
			);
			defaultConfigurationIsVisible = 0;
			defaultConfigurationName = Release;
		};
/* End XCConfigurationList section */

/* Begin XCRemoteSwiftPackageReference section */
		7F5215272824332A00CA1143 /* XCRemoteSwiftPackageReference "SwiftEntryKit" */ = {
			isa = XCRemoteSwiftPackageReference;
			repositoryURL = "https://github.com/huri000/SwiftEntryKit";
			requirement = {
				kind = upToNextMajorVersion;
				minimumVersion = 2.0.0;
			};
		};
		7F52154F2826E25900CA1143 /* XCRemoteSwiftPackageReference "onboarder" */ = {
			isa = XCRemoteSwiftPackageReference;
			repositoryURL = "https://github.com/JemAlvarez/onboarder";
			requirement = {
				branch = master;
				kind = branch;
			};
		};
/* End XCRemoteSwiftPackageReference section */

/* Begin XCSwiftPackageProductDependency section */
		7F5215282824332A00CA1143 /* SwiftEntryKit */ = {
			isa = XCSwiftPackageProductDependency;
			package = 7F5215272824332A00CA1143 /* XCRemoteSwiftPackageReference "SwiftEntryKit" */;
			productName = SwiftEntryKit;
		};
		7F5215502826E25900CA1143 /* Onboarder */ = {
			isa = XCSwiftPackageProductDependency;
			package = 7F52154F2826E25900CA1143 /* XCRemoteSwiftPackageReference "onboarder" */;
			productName = Onboarder;
		};
/* End XCSwiftPackageProductDependency section */
	};
	rootObject = 7F5214D02822DEA200CA1143 /* Project object */;
}
